{
  "name": "prisma-migrator",
  "lockfileVersion": 2,
  "requires": true,
  "packages": {
    "": {
      "name": "prisma-migrator",
      "dependencies": {
        "prisma": "4.5.0"
      }
    },
    "node_modules/prisma": {
      "version": "4.5.0",
      "resolved": "https://registry.npmjs.org/prisma/-/prisma-4.5.0.tgz",
      "integrity": "sha512-s7FzD8uK7fHnNGDwejVZqH8MvGvOx1A20IoP7uKy03lcnZ8pR5Xn5Y1LZ8t2qu5epXqfj7P9xXznD2LmpmXnRw==",
      "hasInstallScript": true,
      "bin": {
        "prisma": "build/index.js"
      },
      "engines": {
        "node": ">=14.17.0"
      }
    }
  },
  "dependencies": {
    "prisma": {
      "version": "4.5.0",
      "resolved": "https://registry.npmjs.org/prisma/-/prisma-4.5.0.tgz",
      "integrity": "sha512-s7FzD8uK7fHnNGDwejVZqH8MvGvOx1A20IoP7uKy03lcnZ8pR5Xn5Y1LZ8t2qu5epXqfj7P9xXznD2LmpmXnRw=="
    }
  }
}
